
Microsoft Visual Studio Solution File, Format Version 12.00
# Visual Studio Version 16
VisualStudioVersion = 16.0.32413.511
MinimumVisualStudioVersion = 10.0.40219.1
Project("{FAE04EC0-301F-11D3-BF4B-00C04F79EFBC}") = "LinqTestAgain", "LinqTestAgain\LinqTestAgain.csproj", "{FB01A394-1EC3-475A-8C19-9173D32BE689}"
EndProject
Global
	GlobalSection(SolutionConfigurationPlatforms) = preSolution
		Debug|Any CPU = Debug|Any CPU
		Release|Any CPU = Release|Any CPU
	EndGlobalSection
	GlobalSection(ProjectConfigurationPlatforms) = postSolution
		{FB01A394-1EC3-475A-8C19-9173D32BE689}.Debug|Any CPU.ActiveCfg = Debug|Any CPU
		{FB01A394-1EC3-475A-8C19-9173D32BE689}.Debug|Any CPU.Build.0 = Debug|Any CPU
		{FB01A394-1EC3-475A-8C19-9173D32BE689}.Release|Any CPU.ActiveCfg = Release|Any CPU
		{FB01A394-1EC3-475A-8C19-9173D32BE689}.Release|Any CPU.Build.0 = Release|Any CPU
	EndGlobalSection
	GlobalSection(SolutionProperties) = preSolution
		HideSolutionNode = FALSE
	EndGlobalSection
	GlobalSection(ExtensibilityGlobals) = postSolution
		SolutionGuid = {5D1E2F9D-5EFD-480A-8706-8A8F53406E7D}
	EndGlobalSection
EndGlobal
