
Microsoft Visual Studio Solution File, Format Version 12.00
# Visual Studio Version 16
VisualStudioVersion = 16.0.30225.117
MinimumVisualStudioVersion = 10.0.40219.1
Project("{FAE04EC0-301F-11D3-BF4B-00C04F79EFBC}") = "PerrysWork2", "PerrysWork2\PerrysWork2.csproj", "{0BD3B93A-AC00-4D63-87A4-C65A488651D3}"
EndProject
Project("{FAE04EC0-301F-11D3-BF4B-00C04F79EFBC}") = "Inhertance", "structs\Inhertance.csproj", "{483A8FBC-FCA0-49EB-9E6B-CF8D5AAAB46D}"
EndProject
Project("{FAE04EC0-301F-11D3-BF4B-00C04F79EFBC}") = "Generics", "Generics\Generics.csproj", "{452BA694-87B4-4FCA-A35B-64797D4C228A}"
EndProject
Project("{FAE04EC0-301F-11D3-BF4B-00C04F79EFBC}") = "OverLoadOperator", "OverLoadOperator\OverLoadOperator.csproj", "{21CB38BE-67C6-45F0-9931-6E282D1F3660}"
EndProject
Project("{FAE04EC0-301F-11D3-BF4B-00C04F79EFBC}") = "DictionaryPerry", "DictionaryPerry\DictionaryPerry.csproj", "{B0B03207-5F55-4201-AF16-8B5D1C75E17C}"
EndProject
Global
	GlobalSection(SolutionConfigurationPlatforms) = preSolution
		Debug|Any CPU = Debug|Any CPU
		Release|Any CPU = Release|Any CPU
	EndGlobalSection
	GlobalSection(ProjectConfigurationPlatforms) = postSolution
		{0BD3B93A-AC00-4D63-87A4-C65A488651D3}.Debug|Any CPU.ActiveCfg = Debug|Any CPU
		{0BD3B93A-AC00-4D63-87A4-C65A488651D3}.Debug|Any CPU.Build.0 = Debug|Any CPU
		{0BD3B93A-AC00-4D63-87A4-C65A488651D3}.Release|Any CPU.ActiveCfg = Release|Any CPU
		{0BD3B93A-AC00-4D63-87A4-C65A488651D3}.Release|Any CPU.Build.0 = Release|Any CPU
		{483A8FBC-FCA0-49EB-9E6B-CF8D5AAAB46D}.Debug|Any CPU.ActiveCfg = Debug|Any CPU
		{483A8FBC-FCA0-49EB-9E6B-CF8D5AAAB46D}.Debug|Any CPU.Build.0 = Debug|Any CPU
		{483A8FBC-FCA0-49EB-9E6B-CF8D5AAAB46D}.Release|Any CPU.ActiveCfg = Release|Any CPU
		{483A8FBC-FCA0-49EB-9E6B-CF8D5AAAB46D}.Release|Any CPU.Build.0 = Release|Any CPU
		{452BA694-87B4-4FCA-A35B-64797D4C228A}.Debug|Any CPU.ActiveCfg = Debug|Any CPU
		{452BA694-87B4-4FCA-A35B-64797D4C228A}.Debug|Any CPU.Build.0 = Debug|Any CPU
		{452BA694-87B4-4FCA-A35B-64797D4C228A}.Release|Any CPU.ActiveCfg = Release|Any CPU
		{452BA694-87B4-4FCA-A35B-64797D4C228A}.Release|Any CPU.Build.0 = Release|Any CPU
		{21CB38BE-67C6-45F0-9931-6E282D1F3660}.Debug|Any CPU.ActiveCfg = Debug|Any CPU
		{21CB38BE-67C6-45F0-9931-6E282D1F3660}.Debug|Any CPU.Build.0 = Debug|Any CPU
		{21CB38BE-67C6-45F0-9931-6E282D1F3660}.Release|Any CPU.ActiveCfg = Release|Any CPU
		{21CB38BE-67C6-45F0-9931-6E282D1F3660}.Release|Any CPU.Build.0 = Release|Any CPU
		{B0B03207-5F55-4201-AF16-8B5D1C75E17C}.Debug|Any CPU.ActiveCfg = Debug|Any CPU
		{B0B03207-5F55-4201-AF16-8B5D1C75E17C}.Debug|Any CPU.Build.0 = Debug|Any CPU
		{B0B03207-5F55-4201-AF16-8B5D1C75E17C}.Release|Any CPU.ActiveCfg = Release|Any CPU
		{B0B03207-5F55-4201-AF16-8B5D1C75E17C}.Release|Any CPU.Build.0 = Release|Any CPU
	EndGlobalSection
	GlobalSection(SolutionProperties) = preSolution
		HideSolutionNode = FALSE
	EndGlobalSection
	GlobalSection(ExtensibilityGlobals) = postSolution
		SolutionGuid = {76D053AB-B14B-496E-BDF3-7AFDE7E12F00}
	EndGlobalSection
EndGlobal
