
Microsoft Visual Studio Solution File, Format Version 12.00
# Visual Studio Version 16
VisualStudioVersion = 16.0.30225.117
MinimumVisualStudioVersion = 10.0.40219.1
Project("{FAE04EC0-301F-11D3-BF4B-00C04F79EFBC}") = "PerrysWork2", "PerrysWork2\PerrysWork2.csproj", "{0BD3B93A-AC00-4D63-87A4-C65A488651D3}"
EndProject
Project("{FAE04EC0-301F-11D3-BF4B-00C04F79EFBC}") = "Inhertance", "structs\Inhertance.csproj", "{483A8FBC-FCA0-49EB-9E6B-CF8D5AAAB46D}"
EndProject
Project("{FAE04EC0-301F-11D3-BF4B-00C04F79EFBC}") = "Generics", "Generics\Generics.csproj", "{452BA694-87B4-4FCA-A35B-64797D4C228A}"
EndProject
Project("{FAE04EC0-301F-11D3-BF4B-00C04F79EFBC}") = "OverLoadOperator", "OverLoadOperator\OverLoadOperator.csproj", "{21CB38BE-67C6-45F0-9931-6E282D1F3660}"
EndProject
Project("{FAE04EC0-301F-11D3-BF4B-00C04F79EFBC}") = "DictionaryPerry", "DictionaryPerry\DictionaryPerry.csproj", "{B0B03207-5F55-4201-AF16-8B5D1C75E17C}"
EndProject
Project("{FAE04EC0-301F-11D3-BF4B-00C04F79EFBC}") = "extensionmethods", "extensionmethods\extensionmethods.csproj", "{9FDAA34E-A50A-4681-B607-869F85EEF2CA}"
EndProject
Project("{FAE04EC0-301F-11D3-BF4B-00C04F79EFBC}") = "PerrysQueries", "PerrysQueries\PerrysQueries.csproj", "{EC64F2D0-087E-4F3F-BBFF-F373D03F6D39}"
EndProject
Project("{FAE04EC0-301F-11D3-BF4B-00C04F79EFBC}") = "PerrysFrogCompetition", "PerrysFrogCompetition\PerrysFrogCompetition.csproj", "{F05E9F0B-6CC3-4BF3-B9E5-D9B28F066DC2}"
EndProject
Project("{FAE04EC0-301F-11D3-BF4B-00C04F79EFBC}") = "TheDynamics", "TheDynamics\TheDynamics.csproj", "{E6E1F4A4-5991-4E92-BDF6-24C5A049A815}"
EndProject
Global
	GlobalSection(SolutionConfigurationPlatforms) = preSolution
		Debug|Any CPU = Debug|Any CPU
		Release|Any CPU = Release|Any CPU
	EndGlobalSection
	GlobalSection(ProjectConfigurationPlatforms) = postSolution
		{0BD3B93A-AC00-4D63-87A4-C65A488651D3}.Debug|Any CPU.ActiveCfg = Debug|Any CPU
		{0BD3B93A-AC00-4D63-87A4-C65A488651D3}.Debug|Any CPU.Build.0 = Debug|Any CPU
		{0BD3B93A-AC00-4D63-87A4-C65A488651D3}.Release|Any CPU.ActiveCfg = Release|Any CPU
		{0BD3B93A-AC00-4D63-87A4-C65A488651D3}.Release|Any CPU.Build.0 = Release|Any CPU
		{483A8FBC-FCA0-49EB-9E6B-CF8D5AAAB46D}.Debug|Any CPU.ActiveCfg = Debug|Any CPU
		{483A8FBC-FCA0-49EB-9E6B-CF8D5AAAB46D}.Debug|Any CPU.Build.0 = Debug|Any CPU
		{483A8FBC-FCA0-49EB-9E6B-CF8D5AAAB46D}.Release|Any CPU.ActiveCfg = Release|Any CPU
		{483A8FBC-FCA0-49EB-9E6B-CF8D5AAAB46D}.Release|Any CPU.Build.0 = Release|Any CPU
		{452BA694-87B4-4FCA-A35B-64797D4C228A}.Debug|Any CPU.ActiveCfg = Debug|Any CPU
		{452BA694-87B4-4FCA-A35B-64797D4C228A}.Debug|Any CPU.Build.0 = Debug|Any CPU
		{452BA694-87B4-4FCA-A35B-64797D4C228A}.Release|Any CPU.ActiveCfg = Release|Any CPU
		{452BA694-87B4-4FCA-A35B-64797D4C228A}.Release|Any CPU.Build.0 = Release|Any CPU
		{21CB38BE-67C6-45F0-9931-6E282D1F3660}.Debug|Any CPU.ActiveCfg = Debug|Any CPU
		{21CB38BE-67C6-45F0-9931-6E282D1F3660}.Debug|Any CPU.Build.0 = Debug|Any CPU
		{21CB38BE-67C6-45F0-9931-6E282D1F3660}.Release|Any CPU.ActiveCfg = Release|Any CPU
		{21CB38BE-67C6-45F0-9931-6E282D1F3660}.Release|Any CPU.Build.0 = Release|Any CPU
		{B0B03207-5F55-4201-AF16-8B5D1C75E17C}.Debug|Any CPU.ActiveCfg = Debug|Any CPU
		{B0B03207-5F55-4201-AF16-8B5D1C75E17C}.Debug|Any CPU.Build.0 = Debug|Any CPU
		{B0B03207-5F55-4201-AF16-8B5D1C75E17C}.Release|Any CPU.ActiveCfg = Release|Any CPU
		{B0B03207-5F55-4201-AF16-8B5D1C75E17C}.Release|Any CPU.Build.0 = Release|Any CPU
		{9FDAA34E-A50A-4681-B607-869F85EEF2CA}.Debug|Any CPU.ActiveCfg = Debug|Any CPU
		{9FDAA34E-A50A-4681-B607-869F85EEF2CA}.Debug|Any CPU.Build.0 = Debug|Any CPU
		{9FDAA34E-A50A-4681-B607-869F85EEF2CA}.Release|Any CPU.ActiveCfg = Release|Any CPU
		{9FDAA34E-A50A-4681-B607-869F85EEF2CA}.Release|Any CPU.Build.0 = Release|Any CPU
		{EC64F2D0-087E-4F3F-BBFF-F373D03F6D39}.Debug|Any CPU.ActiveCfg = Debug|Any CPU
		{EC64F2D0-087E-4F3F-BBFF-F373D03F6D39}.Debug|Any CPU.Build.0 = Debug|Any CPU
		{EC64F2D0-087E-4F3F-BBFF-F373D03F6D39}.Release|Any CPU.ActiveCfg = Release|Any CPU
		{EC64F2D0-087E-4F3F-BBFF-F373D03F6D39}.Release|Any CPU.Build.0 = Release|Any CPU
		{F05E9F0B-6CC3-4BF3-B9E5-D9B28F066DC2}.Debug|Any CPU.ActiveCfg = Debug|Any CPU
		{F05E9F0B-6CC3-4BF3-B9E5-D9B28F066DC2}.Debug|Any CPU.Build.0 = Debug|Any CPU
		{F05E9F0B-6CC3-4BF3-B9E5-D9B28F066DC2}.Release|Any CPU.ActiveCfg = Release|Any CPU
		{F05E9F0B-6CC3-4BF3-B9E5-D9B28F066DC2}.Release|Any CPU.Build.0 = Release|Any CPU
		{E6E1F4A4-5991-4E92-BDF6-24C5A049A815}.Debug|Any CPU.ActiveCfg = Debug|Any CPU
		{E6E1F4A4-5991-4E92-BDF6-24C5A049A815}.Debug|Any CPU.Build.0 = Debug|Any CPU
		{E6E1F4A4-5991-4E92-BDF6-24C5A049A815}.Release|Any CPU.ActiveCfg = Release|Any CPU
		{E6E1F4A4-5991-4E92-BDF6-24C5A049A815}.Release|Any CPU.Build.0 = Release|Any CPU
	EndGlobalSection
	GlobalSection(SolutionProperties) = preSolution
		HideSolutionNode = FALSE
	EndGlobalSection
	GlobalSection(ExtensibilityGlobals) = postSolution
		SolutionGuid = {76D053AB-B14B-496E-BDF3-7AFDE7E12F00}
	EndGlobalSection
EndGlobal
