
Microsoft Visual Studio Solution File, Format Version 12.00
# Visual Studio Version 16
VisualStudioVersion = 16.0.30225.117
MinimumVisualStudioVersion = 10.0.40219.1
Project("{FAE04EC0-301F-11D3-BF4B-00C04F79EFBC}") = "PerrysWork2", "PerrysWork2\PerrysWork2.csproj", "{0BD3B93A-AC00-4D63-87A4-C65A488651D3}"
EndProject
Project("{FAE04EC0-301F-11D3-BF4B-00C04F79EFBC}") = "Inhertance", "structs\Inhertance.csproj", "{483A8FBC-FCA0-49EB-9E6B-CF8D5AAAB46D}"
EndProject
Global
	GlobalSection(SolutionConfigurationPlatforms) = preSolution
		Debug|Any CPU = Debug|Any CPU
		Release|Any CPU = Release|Any CPU
	EndGlobalSection
	GlobalSection(ProjectConfigurationPlatforms) = postSolution
		{0BD3B93A-AC00-4D63-87A4-C65A488651D3}.Debug|Any CPU.ActiveCfg = Debug|Any CPU
		{0BD3B93A-AC00-4D63-87A4-C65A488651D3}.Debug|Any CPU.Build.0 = Debug|Any CPU
		{0BD3B93A-AC00-4D63-87A4-C65A488651D3}.Release|Any CPU.ActiveCfg = Release|Any CPU
		{0BD3B93A-AC00-4D63-87A4-C65A488651D3}.Release|Any CPU.Build.0 = Release|Any CPU
		{483A8FBC-FCA0-49EB-9E6B-CF8D5AAAB46D}.Debug|Any CPU.ActiveCfg = Debug|Any CPU
		{483A8FBC-FCA0-49EB-9E6B-CF8D5AAAB46D}.Debug|Any CPU.Build.0 = Debug|Any CPU
		{483A8FBC-FCA0-49EB-9E6B-CF8D5AAAB46D}.Release|Any CPU.ActiveCfg = Release|Any CPU
		{483A8FBC-FCA0-49EB-9E6B-CF8D5AAAB46D}.Release|Any CPU.Build.0 = Release|Any CPU
	EndGlobalSection
	GlobalSection(SolutionProperties) = preSolution
		HideSolutionNode = FALSE
	EndGlobalSection
	GlobalSection(ExtensibilityGlobals) = postSolution
		SolutionGuid = {76D053AB-B14B-496E-BDF3-7AFDE7E12F00}
	EndGlobalSection
EndGlobal
