
Microsoft Visual Studio Solution File, Format Version 12.00
# Visual Studio Version 16
VisualStudioVersion = 16.0.30225.117
MinimumVisualStudioVersion = 10.0.40219.1
Project("{FAE04EC0-301F-11D3-BF4B-00C04F79EFBC}") = "codeingAsignmentsPart3", "codeingAsignmentsPart3\codeingAsignmentsPart3.csproj", "{83D50DDC-939D-4A21-B8B9-07187286BFBC}"
EndProject
Project("{FAE04EC0-301F-11D3-BF4B-00C04F79EFBC}") = "Overload", "Overload\Overload.csproj", "{D2E783BA-386A-463F-8806-393D19B1B8E5}"
EndProject
Project("{FAE04EC0-301F-11D3-BF4B-00C04F79EFBC}") = "indexers", "indexers\indexers.csproj", "{105596DC-CA92-432A-9FCF-4E0B65408A5A}"
EndProject
Project("{FAE04EC0-301F-11D3-BF4B-00C04F79EFBC}") = "extensionMethods", "extensionMethods\extensionMethods.csproj", "{2970911D-A658-4614-B910-6786D472D717}"
EndProject
Project("{FAE04EC0-301F-11D3-BF4B-00C04F79EFBC}") = "QueryExpressions", "QueryExpressions\QueryExpressions.csproj", "{F121632B-C4C8-4449-A931-65BC1E68083E}"
EndProject
Project("{FAE04EC0-301F-11D3-BF4B-00C04F79EFBC}") = "threads", "threads\threads.csproj", "{AF2747DD-0F2B-49C2-8BAF-7A2A44FD3DC0}"
EndProject
Global
	GlobalSection(SolutionConfigurationPlatforms) = preSolution
		Debug|Any CPU = Debug|Any CPU
		Release|Any CPU = Release|Any CPU
	EndGlobalSection
	GlobalSection(ProjectConfigurationPlatforms) = postSolution
		{83D50DDC-939D-4A21-B8B9-07187286BFBC}.Debug|Any CPU.ActiveCfg = Debug|Any CPU
		{83D50DDC-939D-4A21-B8B9-07187286BFBC}.Debug|Any CPU.Build.0 = Debug|Any CPU
		{83D50DDC-939D-4A21-B8B9-07187286BFBC}.Release|Any CPU.ActiveCfg = Release|Any CPU
		{83D50DDC-939D-4A21-B8B9-07187286BFBC}.Release|Any CPU.Build.0 = Release|Any CPU
		{D2E783BA-386A-463F-8806-393D19B1B8E5}.Debug|Any CPU.ActiveCfg = Debug|Any CPU
		{D2E783BA-386A-463F-8806-393D19B1B8E5}.Debug|Any CPU.Build.0 = Debug|Any CPU
		{D2E783BA-386A-463F-8806-393D19B1B8E5}.Release|Any CPU.ActiveCfg = Release|Any CPU
		{D2E783BA-386A-463F-8806-393D19B1B8E5}.Release|Any CPU.Build.0 = Release|Any CPU
		{105596DC-CA92-432A-9FCF-4E0B65408A5A}.Debug|Any CPU.ActiveCfg = Debug|Any CPU
		{105596DC-CA92-432A-9FCF-4E0B65408A5A}.Debug|Any CPU.Build.0 = Debug|Any CPU
		{105596DC-CA92-432A-9FCF-4E0B65408A5A}.Release|Any CPU.ActiveCfg = Release|Any CPU
		{105596DC-CA92-432A-9FCF-4E0B65408A5A}.Release|Any CPU.Build.0 = Release|Any CPU
		{2970911D-A658-4614-B910-6786D472D717}.Debug|Any CPU.ActiveCfg = Debug|Any CPU
		{2970911D-A658-4614-B910-6786D472D717}.Debug|Any CPU.Build.0 = Debug|Any CPU
		{2970911D-A658-4614-B910-6786D472D717}.Release|Any CPU.ActiveCfg = Release|Any CPU
		{2970911D-A658-4614-B910-6786D472D717}.Release|Any CPU.Build.0 = Release|Any CPU
		{F121632B-C4C8-4449-A931-65BC1E68083E}.Debug|Any CPU.ActiveCfg = Debug|Any CPU
		{F121632B-C4C8-4449-A931-65BC1E68083E}.Debug|Any CPU.Build.0 = Debug|Any CPU
		{F121632B-C4C8-4449-A931-65BC1E68083E}.Release|Any CPU.ActiveCfg = Release|Any CPU
		{F121632B-C4C8-4449-A931-65BC1E68083E}.Release|Any CPU.Build.0 = Release|Any CPU
		{AF2747DD-0F2B-49C2-8BAF-7A2A44FD3DC0}.Debug|Any CPU.ActiveCfg = Debug|Any CPU
		{AF2747DD-0F2B-49C2-8BAF-7A2A44FD3DC0}.Debug|Any CPU.Build.0 = Debug|Any CPU
		{AF2747DD-0F2B-49C2-8BAF-7A2A44FD3DC0}.Release|Any CPU.ActiveCfg = Release|Any CPU
		{AF2747DD-0F2B-49C2-8BAF-7A2A44FD3DC0}.Release|Any CPU.Build.0 = Release|Any CPU
	EndGlobalSection
	GlobalSection(SolutionProperties) = preSolution
		HideSolutionNode = FALSE
	EndGlobalSection
	GlobalSection(ExtensibilityGlobals) = postSolution
		SolutionGuid = {1044FB03-D1B8-40A8-B47B-4B0D166BA008}
	EndGlobalSection
EndGlobal
