
Microsoft Visual Studio Solution File, Format Version 12.00
# Visual Studio Version 16
VisualStudioVersion = 16.0.30225.117
MinimumVisualStudioVersion = 10.0.40219.1
Project("{FAE04EC0-301F-11D3-BF4B-00C04F79EFBC}") = "Project 3-Aurora", "Project 3-Aurora\Project 3-Aurora.csproj", "{15D30DA9-A739-4777-B6F5-469963E6CBC7}"
EndProject
Global
	GlobalSection(SolutionConfigurationPlatforms) = preSolution
		Debug|Any CPU = Debug|Any CPU
		Release|Any CPU = Release|Any CPU
	EndGlobalSection
	GlobalSection(ProjectConfigurationPlatforms) = postSolution
		{15D30DA9-A739-4777-B6F5-469963E6CBC7}.Debug|Any CPU.ActiveCfg = Debug|Any CPU
		{15D30DA9-A739-4777-B6F5-469963E6CBC7}.Debug|Any CPU.Build.0 = Debug|Any CPU
		{15D30DA9-A739-4777-B6F5-469963E6CBC7}.Release|Any CPU.ActiveCfg = Release|Any CPU
		{15D30DA9-A739-4777-B6F5-469963E6CBC7}.Release|Any CPU.Build.0 = Release|Any CPU
	EndGlobalSection
	GlobalSection(SolutionProperties) = preSolution
		HideSolutionNode = FALSE
	EndGlobalSection
	GlobalSection(ExtensibilityGlobals) = postSolution
		SolutionGuid = {1AF6734B-EE6E-4B82-B080-B602B8EF92B6}
	EndGlobalSection
EndGlobal
