
Microsoft Visual Studio Solution File, Format Version 12.00
# Visual Studio Version 16
VisualStudioVersion = 16.0.30225.117
MinimumVisualStudioVersion = 10.0.40219.1
Project("{FAE04EC0-301F-11D3-BF4B-00C04F79EFBC}") = "WhileSuckers3", "WhileSuckers3\WhileSuckers3.csproj", "{3D34F200-E250-4529-86E9-61B5DA2ACB2D}"
EndProject
Global
	GlobalSection(SolutionConfigurationPlatforms) = preSolution
		Debug|Any CPU = Debug|Any CPU
		Release|Any CPU = Release|Any CPU
	EndGlobalSection
	GlobalSection(ProjectConfigurationPlatforms) = postSolution
		{3D34F200-E250-4529-86E9-61B5DA2ACB2D}.Debug|Any CPU.ActiveCfg = Debug|Any CPU
		{3D34F200-E250-4529-86E9-61B5DA2ACB2D}.Debug|Any CPU.Build.0 = Debug|Any CPU
		{3D34F200-E250-4529-86E9-61B5DA2ACB2D}.Release|Any CPU.ActiveCfg = Release|Any CPU
		{3D34F200-E250-4529-86E9-61B5DA2ACB2D}.Release|Any CPU.Build.0 = Release|Any CPU
	EndGlobalSection
	GlobalSection(SolutionProperties) = preSolution
		HideSolutionNode = FALSE
	EndGlobalSection
	GlobalSection(ExtensibilityGlobals) = postSolution
		SolutionGuid = {0D9492A9-926D-48E1-9815-ECF133D8056D}
	EndGlobalSection
EndGlobal
