
Microsoft Visual Studio Solution File, Format Version 12.00
# Visual Studio Version 16
VisualStudioVersion = 16.0.30225.117
MinimumVisualStudioVersion = 10.0.40219.1
Project("{9A19103F-16F7-4668-BE54-9A1E7A4F7556}") = "ohdevotedone", "ohdevotedone\ohdevotedone.csproj", "{D6B59177-771C-43D8-9436-128C2D8FB120}"
EndProject
Project("{9A19103F-16F7-4668-BE54-9A1E7A4F7556}") = "lovemaybe", "lovemaybe\lovemaybe.csproj", "{E9DDDBC6-3376-4CC2-A0D4-94F8AEAF92C5}"
EndProject
Project("{9A19103F-16F7-4668-BE54-9A1E7A4F7556}") = "complicated", "complicated\complicated.csproj", "{BCA0120F-9BDC-4E14-AB15-22B58567EB49}"
EndProject
Project("{9A19103F-16F7-4668-BE54-9A1E7A4F7556}") = "Anunceartanchoice", "Anunceartanchoice\Anunceartanchoice.csproj", "{6CCE28CE-83B7-4E3E-B7F1-DB0E8B0D40FE}"
EndProject
Project("{9A19103F-16F7-4668-BE54-9A1E7A4F7556}") = "funstuff", "funstuff\funstuff.csproj", "{D426FC8C-52B6-4BC6-8838-DCD048D6FC8C}"
EndProject
Project("{9A19103F-16F7-4668-BE54-9A1E7A4F7556}") = "list(mytodo)", "list(mytodo)\list(mytodo).csproj", "{350C118C-19F2-4EB8-A822-FAB4992FF6E8}"
EndProject
Project("{9A19103F-16F7-4668-BE54-9A1E7A4F7556}") = "easy stuff for evy", "easy stuff for evy\easy stuff for evy.csproj", "{841408D2-1705-473A-94FA-6A73C8CDE396}"
EndProject
Project("{FAE04EC0-301F-11D3-BF4B-00C04F79EFBC}") = "grapefruit", "grapefruit\grapefruit.csproj", "{8E2CE2EF-6486-4919-85B0-E6DAEFCB72BE}"
EndProject
Global
	GlobalSection(SolutionConfigurationPlatforms) = preSolution
		Debug|Any CPU = Debug|Any CPU
		Release|Any CPU = Release|Any CPU
	EndGlobalSection
	GlobalSection(ProjectConfigurationPlatforms) = postSolution
		{D6B59177-771C-43D8-9436-128C2D8FB120}.Debug|Any CPU.ActiveCfg = Debug|Any CPU
		{D6B59177-771C-43D8-9436-128C2D8FB120}.Debug|Any CPU.Build.0 = Debug|Any CPU
		{D6B59177-771C-43D8-9436-128C2D8FB120}.Release|Any CPU.ActiveCfg = Release|Any CPU
		{D6B59177-771C-43D8-9436-128C2D8FB120}.Release|Any CPU.Build.0 = Release|Any CPU
		{E9DDDBC6-3376-4CC2-A0D4-94F8AEAF92C5}.Debug|Any CPU.ActiveCfg = Debug|Any CPU
		{E9DDDBC6-3376-4CC2-A0D4-94F8AEAF92C5}.Debug|Any CPU.Build.0 = Debug|Any CPU
		{E9DDDBC6-3376-4CC2-A0D4-94F8AEAF92C5}.Release|Any CPU.ActiveCfg = Release|Any CPU
		{E9DDDBC6-3376-4CC2-A0D4-94F8AEAF92C5}.Release|Any CPU.Build.0 = Release|Any CPU
		{BCA0120F-9BDC-4E14-AB15-22B58567EB49}.Debug|Any CPU.ActiveCfg = Debug|Any CPU
		{BCA0120F-9BDC-4E14-AB15-22B58567EB49}.Debug|Any CPU.Build.0 = Debug|Any CPU
		{BCA0120F-9BDC-4E14-AB15-22B58567EB49}.Release|Any CPU.ActiveCfg = Release|Any CPU
		{BCA0120F-9BDC-4E14-AB15-22B58567EB49}.Release|Any CPU.Build.0 = Release|Any CPU
		{6CCE28CE-83B7-4E3E-B7F1-DB0E8B0D40FE}.Debug|Any CPU.ActiveCfg = Debug|Any CPU
		{6CCE28CE-83B7-4E3E-B7F1-DB0E8B0D40FE}.Debug|Any CPU.Build.0 = Debug|Any CPU
		{6CCE28CE-83B7-4E3E-B7F1-DB0E8B0D40FE}.Release|Any CPU.ActiveCfg = Release|Any CPU
		{6CCE28CE-83B7-4E3E-B7F1-DB0E8B0D40FE}.Release|Any CPU.Build.0 = Release|Any CPU
		{D426FC8C-52B6-4BC6-8838-DCD048D6FC8C}.Debug|Any CPU.ActiveCfg = Debug|Any CPU
		{D426FC8C-52B6-4BC6-8838-DCD048D6FC8C}.Debug|Any CPU.Build.0 = Debug|Any CPU
		{D426FC8C-52B6-4BC6-8838-DCD048D6FC8C}.Release|Any CPU.ActiveCfg = Release|Any CPU
		{D426FC8C-52B6-4BC6-8838-DCD048D6FC8C}.Release|Any CPU.Build.0 = Release|Any CPU
		{350C118C-19F2-4EB8-A822-FAB4992FF6E8}.Debug|Any CPU.ActiveCfg = Debug|Any CPU
		{350C118C-19F2-4EB8-A822-FAB4992FF6E8}.Debug|Any CPU.Build.0 = Debug|Any CPU
		{350C118C-19F2-4EB8-A822-FAB4992FF6E8}.Release|Any CPU.ActiveCfg = Release|Any CPU
		{350C118C-19F2-4EB8-A822-FAB4992FF6E8}.Release|Any CPU.Build.0 = Release|Any CPU
		{841408D2-1705-473A-94FA-6A73C8CDE396}.Debug|Any CPU.ActiveCfg = Debug|Any CPU
		{841408D2-1705-473A-94FA-6A73C8CDE396}.Debug|Any CPU.Build.0 = Debug|Any CPU
		{841408D2-1705-473A-94FA-6A73C8CDE396}.Release|Any CPU.ActiveCfg = Release|Any CPU
		{841408D2-1705-473A-94FA-6A73C8CDE396}.Release|Any CPU.Build.0 = Release|Any CPU
		{8E2CE2EF-6486-4919-85B0-E6DAEFCB72BE}.Debug|Any CPU.ActiveCfg = Debug|Any CPU
		{8E2CE2EF-6486-4919-85B0-E6DAEFCB72BE}.Debug|Any CPU.Build.0 = Debug|Any CPU
		{8E2CE2EF-6486-4919-85B0-E6DAEFCB72BE}.Release|Any CPU.ActiveCfg = Release|Any CPU
		{8E2CE2EF-6486-4919-85B0-E6DAEFCB72BE}.Release|Any CPU.Build.0 = Release|Any CPU
	EndGlobalSection
	GlobalSection(SolutionProperties) = preSolution
		HideSolutionNode = FALSE
	EndGlobalSection
	GlobalSection(ExtensibilityGlobals) = postSolution
		SolutionGuid = {877961F0-001A-46D3-9A33-23FBAE0E9BA3}
	EndGlobalSection
EndGlobal
