
Microsoft Visual Studio Solution File, Format Version 12.00
# Visual Studio Version 16
VisualStudioVersion = 16.0.30225.117
MinimumVisualStudioVersion = 10.0.40219.1
Project("{FAE04EC0-301F-11D3-BF4B-00C04F79EFBC}") = "Aurora's Sixth Project", "Aurora's Sixth Project\Aurora's Sixth Project.csproj", "{F05B6126-EAA7-4348-BBA5-3C50A27965CE}"
EndProject
Global
	GlobalSection(SolutionConfigurationPlatforms) = preSolution
		Debug|Any CPU = Debug|Any CPU
		Release|Any CPU = Release|Any CPU
	EndGlobalSection
	GlobalSection(ProjectConfigurationPlatforms) = postSolution
		{F05B6126-EAA7-4348-BBA5-3C50A27965CE}.Debug|Any CPU.ActiveCfg = Debug|Any CPU
		{F05B6126-EAA7-4348-BBA5-3C50A27965CE}.Debug|Any CPU.Build.0 = Debug|Any CPU
		{F05B6126-EAA7-4348-BBA5-3C50A27965CE}.Release|Any CPU.ActiveCfg = Release|Any CPU
		{F05B6126-EAA7-4348-BBA5-3C50A27965CE}.Release|Any CPU.Build.0 = Release|Any CPU
	EndGlobalSection
	GlobalSection(SolutionProperties) = preSolution
		HideSolutionNode = FALSE
	EndGlobalSection
	GlobalSection(ExtensibilityGlobals) = postSolution
		SolutionGuid = {5116E94A-2007-4D23-8AA3-6860604DFFD7}
	EndGlobalSection
EndGlobal
