
Microsoft Visual Studio Solution File, Format Version 12.00
# Visual Studio Version 16
VisualStudioVersion = 16.0.30225.117
MinimumVisualStudioVersion = 10.0.40219.1
Project("{FAE04EC0-301F-11D3-BF4B-00C04F79EFBC}") = "Barnham", "Hello, My Old Friend\Barnham.csproj", "{905BED21-099B-485A-9AC6-67F486EDB0E5}"
EndProject
Project("{FAE04EC0-301F-11D3-BF4B-00C04F79EFBC}") = "Heads Will Bounce", "Heads Will Bounce\Heads Will Bounce.csproj", "{6245060E-666F-4670-B4FF-BC51F7592F59}"
EndProject
Project("{9A19103F-16F7-4668-BE54-9A1E7A4F7556}") = "Aurora's Address Book", "Aurora's Address Book\Aurora's Address Book.csproj", "{690F75FD-F61D-4DDD-BF22-6E12B9BB3209}"
EndProject
Project("{FAE04EC0-301F-11D3-BF4B-00C04F79EFBC}") = "Windy Address Book", "Windy Address Book\Windy Address Book.csproj", "{AB245296-0680-4702-BC21-BB90A744D26A}"
EndProject
Project("{9A19103F-16F7-4668-BE54-9A1E7A4F7556}") = "Text Adventure", "Text Adventure\Text Adventure.csproj", "{22932C82-A14C-4F8A-B2E2-06CC5F87418E}"
EndProject
Project("{FAE04EC0-301F-11D3-BF4B-00C04F79EFBC}") = "EasyAssignment1(Remade)", "EasyAssignment1(Remade)\EasyAssignment1(Remade).csproj", "{E7F1FA4D-4787-404B-BBAC-2715C325BDBD}"
EndProject
Global
	GlobalSection(SolutionConfigurationPlatforms) = preSolution
		Debug|Any CPU = Debug|Any CPU
		Release|Any CPU = Release|Any CPU
	EndGlobalSection
	GlobalSection(ProjectConfigurationPlatforms) = postSolution
		{905BED21-099B-485A-9AC6-67F486EDB0E5}.Debug|Any CPU.ActiveCfg = Debug|Any CPU
		{905BED21-099B-485A-9AC6-67F486EDB0E5}.Debug|Any CPU.Build.0 = Debug|Any CPU
		{905BED21-099B-485A-9AC6-67F486EDB0E5}.Release|Any CPU.ActiveCfg = Release|Any CPU
		{905BED21-099B-485A-9AC6-67F486EDB0E5}.Release|Any CPU.Build.0 = Release|Any CPU
		{6245060E-666F-4670-B4FF-BC51F7592F59}.Debug|Any CPU.ActiveCfg = Debug|Any CPU
		{6245060E-666F-4670-B4FF-BC51F7592F59}.Debug|Any CPU.Build.0 = Debug|Any CPU
		{6245060E-666F-4670-B4FF-BC51F7592F59}.Release|Any CPU.ActiveCfg = Release|Any CPU
		{6245060E-666F-4670-B4FF-BC51F7592F59}.Release|Any CPU.Build.0 = Release|Any CPU
		{690F75FD-F61D-4DDD-BF22-6E12B9BB3209}.Debug|Any CPU.ActiveCfg = Debug|Any CPU
		{690F75FD-F61D-4DDD-BF22-6E12B9BB3209}.Debug|Any CPU.Build.0 = Debug|Any CPU
		{690F75FD-F61D-4DDD-BF22-6E12B9BB3209}.Release|Any CPU.ActiveCfg = Release|Any CPU
		{690F75FD-F61D-4DDD-BF22-6E12B9BB3209}.Release|Any CPU.Build.0 = Release|Any CPU
		{AB245296-0680-4702-BC21-BB90A744D26A}.Debug|Any CPU.ActiveCfg = Debug|Any CPU
		{AB245296-0680-4702-BC21-BB90A744D26A}.Debug|Any CPU.Build.0 = Debug|Any CPU
		{AB245296-0680-4702-BC21-BB90A744D26A}.Release|Any CPU.ActiveCfg = Release|Any CPU
		{AB245296-0680-4702-BC21-BB90A744D26A}.Release|Any CPU.Build.0 = Release|Any CPU
		{22932C82-A14C-4F8A-B2E2-06CC5F87418E}.Debug|Any CPU.ActiveCfg = Debug|Any CPU
		{22932C82-A14C-4F8A-B2E2-06CC5F87418E}.Debug|Any CPU.Build.0 = Debug|Any CPU
		{22932C82-A14C-4F8A-B2E2-06CC5F87418E}.Release|Any CPU.ActiveCfg = Release|Any CPU
		{22932C82-A14C-4F8A-B2E2-06CC5F87418E}.Release|Any CPU.Build.0 = Release|Any CPU
		{E7F1FA4D-4787-404B-BBAC-2715C325BDBD}.Debug|Any CPU.ActiveCfg = Debug|Any CPU
		{E7F1FA4D-4787-404B-BBAC-2715C325BDBD}.Debug|Any CPU.Build.0 = Debug|Any CPU
		{E7F1FA4D-4787-404B-BBAC-2715C325BDBD}.Release|Any CPU.ActiveCfg = Release|Any CPU
		{E7F1FA4D-4787-404B-BBAC-2715C325BDBD}.Release|Any CPU.Build.0 = Release|Any CPU
	EndGlobalSection
	GlobalSection(SolutionProperties) = preSolution
		HideSolutionNode = FALSE
	EndGlobalSection
	GlobalSection(ExtensibilityGlobals) = postSolution
		SolutionGuid = {374E16F9-CE04-4F5F-BD9B-27A744B6D9EC}
	EndGlobalSection
EndGlobal
