
Microsoft Visual Studio Solution File, Format Version 12.00
# Visual Studio Version 16
VisualStudioVersion = 16.0.32413.511
MinimumVisualStudioVersion = 10.0.40219.1
Project("{9A19103F-16F7-4668-BE54-9A1E7A4F7556}") = "Stopwatch", "Stopwatch\Stopwatch.csproj", "{2F8BEEC9-F6AD-43A2-ABA8-5EAD1CBB55FF}"
EndProject
Project("{FAE04EC0-301F-11D3-BF4B-00C04F79EFBC}") = "WpfStopwatch", "WpfStopwatch\WpfStopwatch.csproj", "{E2657335-4409-4F7B-85D4-F87802F8F23C}"
EndProject
Project("{FAE04EC0-301F-11D3-BF4B-00C04F79EFBC}") = "WpfStopwatchCore", "WpfStopwatchCore\WpfStopwatchCore.csproj", "{45CD260F-010B-41E3-BB78-C28378E38EF0}"
EndProject
Global
	GlobalSection(SolutionConfigurationPlatforms) = preSolution
		Debug|Any CPU = Debug|Any CPU
		Release|Any CPU = Release|Any CPU
	EndGlobalSection
	GlobalSection(ProjectConfigurationPlatforms) = postSolution
		{2F8BEEC9-F6AD-43A2-ABA8-5EAD1CBB55FF}.Debug|Any CPU.ActiveCfg = Debug|Any CPU
		{2F8BEEC9-F6AD-43A2-ABA8-5EAD1CBB55FF}.Debug|Any CPU.Build.0 = Debug|Any CPU
		{2F8BEEC9-F6AD-43A2-ABA8-5EAD1CBB55FF}.Release|Any CPU.ActiveCfg = Release|Any CPU
		{2F8BEEC9-F6AD-43A2-ABA8-5EAD1CBB55FF}.Release|Any CPU.Build.0 = Release|Any CPU
		{E2657335-4409-4F7B-85D4-F87802F8F23C}.Debug|Any CPU.ActiveCfg = Debug|Any CPU
		{E2657335-4409-4F7B-85D4-F87802F8F23C}.Debug|Any CPU.Build.0 = Debug|Any CPU
		{E2657335-4409-4F7B-85D4-F87802F8F23C}.Release|Any CPU.ActiveCfg = Release|Any CPU
		{E2657335-4409-4F7B-85D4-F87802F8F23C}.Release|Any CPU.Build.0 = Release|Any CPU
		{45CD260F-010B-41E3-BB78-C28378E38EF0}.Debug|Any CPU.ActiveCfg = Debug|Any CPU
		{45CD260F-010B-41E3-BB78-C28378E38EF0}.Debug|Any CPU.Build.0 = Debug|Any CPU
		{45CD260F-010B-41E3-BB78-C28378E38EF0}.Release|Any CPU.ActiveCfg = Release|Any CPU
		{45CD260F-010B-41E3-BB78-C28378E38EF0}.Release|Any CPU.Build.0 = Release|Any CPU
	EndGlobalSection
	GlobalSection(SolutionProperties) = preSolution
		HideSolutionNode = FALSE
	EndGlobalSection
	GlobalSection(ExtensibilityGlobals) = postSolution
		SolutionGuid = {5A00F795-64CC-43AF-9DF0-2B5C15EE00D3}
	EndGlobalSection
EndGlobal
