
Microsoft Visual Studio Solution File, Format Version 12.00
# Visual Studio Version 16
VisualStudioVersion = 16.0.30225.117
MinimumVisualStudioVersion = 10.0.40219.1
Project("{FAE04EC0-301F-11D3-BF4B-00C04F79EFBC}") = "PerrysQuestions", "PerrysQuestions\PerrysQuestions.csproj", "{5024186B-0BAD-4686-AE4F-BB70093EAE64}"
EndProject
Global
	GlobalSection(SolutionConfigurationPlatforms) = preSolution
		Debug|Any CPU = Debug|Any CPU
		Release|Any CPU = Release|Any CPU
	EndGlobalSection
	GlobalSection(ProjectConfigurationPlatforms) = postSolution
		{5024186B-0BAD-4686-AE4F-BB70093EAE64}.Debug|Any CPU.ActiveCfg = Debug|Any CPU
		{5024186B-0BAD-4686-AE4F-BB70093EAE64}.Debug|Any CPU.Build.0 = Debug|Any CPU
		{5024186B-0BAD-4686-AE4F-BB70093EAE64}.Release|Any CPU.ActiveCfg = Release|Any CPU
		{5024186B-0BAD-4686-AE4F-BB70093EAE64}.Release|Any CPU.Build.0 = Release|Any CPU
	EndGlobalSection
	GlobalSection(SolutionProperties) = preSolution
		HideSolutionNode = FALSE
	EndGlobalSection
	GlobalSection(ExtensibilityGlobals) = postSolution
		SolutionGuid = {39AF94F9-6DD1-45F7-803A-EBABCAFC89A8}
	EndGlobalSection
EndGlobal
