
Microsoft Visual Studio Solution File, Format Version 12.00
# Visual Studio Version 16
VisualStudioVersion = 16.0.32413.511
MinimumVisualStudioVersion = 10.0.40219.1
Project("{FAE04EC0-301F-11D3-BF4B-00C04F79EFBC}") = "DelegateChefs", "DelegateChefs\DelegateChefs.csproj", "{15B11612-AE46-484A-B708-894C7CCB1A16}"
EndProject
Global
	GlobalSection(SolutionConfigurationPlatforms) = preSolution
		Debug|Any CPU = Debug|Any CPU
		Release|Any CPU = Release|Any CPU
	EndGlobalSection
	GlobalSection(ProjectConfigurationPlatforms) = postSolution
		{15B11612-AE46-484A-B708-894C7CCB1A16}.Debug|Any CPU.ActiveCfg = Debug|Any CPU
		{15B11612-AE46-484A-B708-894C7CCB1A16}.Debug|Any CPU.Build.0 = Debug|Any CPU
		{15B11612-AE46-484A-B708-894C7CCB1A16}.Release|Any CPU.ActiveCfg = Release|Any CPU
		{15B11612-AE46-484A-B708-894C7CCB1A16}.Release|Any CPU.Build.0 = Release|Any CPU
	EndGlobalSection
	GlobalSection(SolutionProperties) = preSolution
		HideSolutionNode = FALSE
	EndGlobalSection
	GlobalSection(ExtensibilityGlobals) = postSolution
		SolutionGuid = {653E1032-11D9-463A-A151-463E98A1B1B1}
	EndGlobalSection
EndGlobal
