
Microsoft Visual Studio Solution File, Format Version 12.00
# Visual Studio Version 16
VisualStudioVersion = 16.0.30225.117
MinimumVisualStudioVersion = 10.0.40219.1
Project("{FAE04EC0-301F-11D3-BF4B-00C04F79EFBC}") = "SafeRobbers", "SafeRobbers\SafeRobbers.csproj", "{8A0E8453-E7EF-462C-82A1-E40583AE100B}"
EndProject
Global
	GlobalSection(SolutionConfigurationPlatforms) = preSolution
		Debug|Any CPU = Debug|Any CPU
		Release|Any CPU = Release|Any CPU
	EndGlobalSection
	GlobalSection(ProjectConfigurationPlatforms) = postSolution
		{8A0E8453-E7EF-462C-82A1-E40583AE100B}.Debug|Any CPU.ActiveCfg = Debug|Any CPU
		{8A0E8453-E7EF-462C-82A1-E40583AE100B}.Debug|Any CPU.Build.0 = Debug|Any CPU
		{8A0E8453-E7EF-462C-82A1-E40583AE100B}.Release|Any CPU.ActiveCfg = Release|Any CPU
		{8A0E8453-E7EF-462C-82A1-E40583AE100B}.Release|Any CPU.Build.0 = Release|Any CPU
	EndGlobalSection
	GlobalSection(SolutionProperties) = preSolution
		HideSolutionNode = FALSE
	EndGlobalSection
	GlobalSection(ExtensibilityGlobals) = postSolution
		SolutionGuid = {2108018A-401F-47BC-88D4-6CA176E16892}
	EndGlobalSection
EndGlobal
