
Microsoft Visual Studio Solution File, Format Version 12.00
# Visual Studio Version 16
VisualStudioVersion = 16.0.30225.117
MinimumVisualStudioVersion = 10.0.40219.1
Project("{FAE04EC0-301F-11D3-BF4B-00C04F79EFBC}") = "Don't Stop Believing", "Don't Stop Believing\Don't Stop Believing.csproj", "{09587CC6-74EB-4AB8-86C0-034239B4A45E}"
EndProject
Project("{FAE04EC0-301F-11D3-BF4B-00C04F79EFBC}") = "This Sucks!", "This Sucks!\This Sucks!.csproj", "{942B7DCB-2070-44D7-9AC4-D591721EB82D}"
EndProject
Project("{FAE04EC0-301F-11D3-BF4B-00C04F79EFBC}") = "I'm not sure", "I'm not sure\I'm not sure.csproj", "{EEFA30B9-265D-42B7-90D6-E9FC2F9CC2CC}"
EndProject
Global
	GlobalSection(SolutionConfigurationPlatforms) = preSolution
		Debug|Any CPU = Debug|Any CPU
		Release|Any CPU = Release|Any CPU
	EndGlobalSection
	GlobalSection(ProjectConfigurationPlatforms) = postSolution
		{09587CC6-74EB-4AB8-86C0-034239B4A45E}.Debug|Any CPU.ActiveCfg = Debug|Any CPU
		{09587CC6-74EB-4AB8-86C0-034239B4A45E}.Debug|Any CPU.Build.0 = Debug|Any CPU
		{09587CC6-74EB-4AB8-86C0-034239B4A45E}.Release|Any CPU.ActiveCfg = Release|Any CPU
		{09587CC6-74EB-4AB8-86C0-034239B4A45E}.Release|Any CPU.Build.0 = Release|Any CPU
		{942B7DCB-2070-44D7-9AC4-D591721EB82D}.Debug|Any CPU.ActiveCfg = Debug|Any CPU
		{942B7DCB-2070-44D7-9AC4-D591721EB82D}.Debug|Any CPU.Build.0 = Debug|Any CPU
		{942B7DCB-2070-44D7-9AC4-D591721EB82D}.Release|Any CPU.ActiveCfg = Release|Any CPU
		{942B7DCB-2070-44D7-9AC4-D591721EB82D}.Release|Any CPU.Build.0 = Release|Any CPU
		{EEFA30B9-265D-42B7-90D6-E9FC2F9CC2CC}.Debug|Any CPU.ActiveCfg = Debug|Any CPU
		{EEFA30B9-265D-42B7-90D6-E9FC2F9CC2CC}.Debug|Any CPU.Build.0 = Debug|Any CPU
		{EEFA30B9-265D-42B7-90D6-E9FC2F9CC2CC}.Release|Any CPU.ActiveCfg = Release|Any CPU
		{EEFA30B9-265D-42B7-90D6-E9FC2F9CC2CC}.Release|Any CPU.Build.0 = Release|Any CPU
	EndGlobalSection
	GlobalSection(SolutionProperties) = preSolution
		HideSolutionNode = FALSE
	EndGlobalSection
	GlobalSection(ExtensibilityGlobals) = postSolution
		SolutionGuid = {49D84502-DD9D-418F-ACBF-2314401C4471}
	EndGlobalSection
EndGlobal
