
Microsoft Visual Studio Solution File, Format Version 12.00
# Visual Studio Version 16
VisualStudioVersion = 16.0.30225.117
MinimumVisualStudioVersion = 10.0.40219.1
Project("{FAE04EC0-301F-11D3-BF4B-00C04F79EFBC}") = "YOU SUCK!", "YOU SUCK!\YOU SUCK!.csproj", "{C296D45E-4087-432E-9763-9C8EBE0FCD89}"
EndProject
Global
	GlobalSection(SolutionConfigurationPlatforms) = preSolution
		Debug|Any CPU = Debug|Any CPU
		Release|Any CPU = Release|Any CPU
	EndGlobalSection
	GlobalSection(ProjectConfigurationPlatforms) = postSolution
		{C296D45E-4087-432E-9763-9C8EBE0FCD89}.Debug|Any CPU.ActiveCfg = Debug|Any CPU
		{C296D45E-4087-432E-9763-9C8EBE0FCD89}.Debug|Any CPU.Build.0 = Debug|Any CPU
		{C296D45E-4087-432E-9763-9C8EBE0FCD89}.Release|Any CPU.ActiveCfg = Release|Any CPU
		{C296D45E-4087-432E-9763-9C8EBE0FCD89}.Release|Any CPU.Build.0 = Release|Any CPU
	EndGlobalSection
	GlobalSection(SolutionProperties) = preSolution
		HideSolutionNode = FALSE
	EndGlobalSection
	GlobalSection(ExtensibilityGlobals) = postSolution
		SolutionGuid = {19B89FAA-49A9-4AD4-97C5-B82AD831A236}
	EndGlobalSection
EndGlobal
