
Microsoft Visual Studio Solution File, Format Version 12.00
# Visual Studio Version 16
VisualStudioVersion = 16.0.30225.117
MinimumVisualStudioVersion = 10.0.40219.1
Project("{FAE04EC0-301F-11D3-BF4B-00C04F79EFBC}") = "Calculator", "Calculator\Calculator.csproj", "{A68076E1-1D06-400F-93F2-0162DF8A050B}"
EndProject
Global
	GlobalSection(SolutionConfigurationPlatforms) = preSolution
		Debug|Any CPU = Debug|Any CPU
		Release|Any CPU = Release|Any CPU
	EndGlobalSection
	GlobalSection(ProjectConfigurationPlatforms) = postSolution
		{A68076E1-1D06-400F-93F2-0162DF8A050B}.Debug|Any CPU.ActiveCfg = Debug|Any CPU
		{A68076E1-1D06-400F-93F2-0162DF8A050B}.Debug|Any CPU.Build.0 = Debug|Any CPU
		{A68076E1-1D06-400F-93F2-0162DF8A050B}.Release|Any CPU.ActiveCfg = Release|Any CPU
		{A68076E1-1D06-400F-93F2-0162DF8A050B}.Release|Any CPU.Build.0 = Release|Any CPU
	EndGlobalSection
	GlobalSection(SolutionProperties) = preSolution
		HideSolutionNode = FALSE
	EndGlobalSection
	GlobalSection(ExtensibilityGlobals) = postSolution
		SolutionGuid = {7B76963E-9B45-4DF5-BFF3-645558F4B403}
	EndGlobalSection
EndGlobal
