
Microsoft Visual Studio Solution File, Format Version 12.00
# Visual Studio Version 16
VisualStudioVersion = 16.0.32413.511
MinimumVisualStudioVersion = 10.0.40219.1
Project("{FAE04EC0-301F-11D3-BF4B-00C04F79EFBC}") = "ByteToString", "ByteToString\ByteToString.csproj", "{05B8661C-A7E2-4D4A-B866-7A92F21B418A}"
EndProject
Global
	GlobalSection(SolutionConfigurationPlatforms) = preSolution
		Debug|Any CPU = Debug|Any CPU
		Release|Any CPU = Release|Any CPU
	EndGlobalSection
	GlobalSection(ProjectConfigurationPlatforms) = postSolution
		{05B8661C-A7E2-4D4A-B866-7A92F21B418A}.Debug|Any CPU.ActiveCfg = Debug|Any CPU
		{05B8661C-A7E2-4D4A-B866-7A92F21B418A}.Debug|Any CPU.Build.0 = Debug|Any CPU
		{05B8661C-A7E2-4D4A-B866-7A92F21B418A}.Release|Any CPU.ActiveCfg = Release|Any CPU
		{05B8661C-A7E2-4D4A-B866-7A92F21B418A}.Release|Any CPU.Build.0 = Release|Any CPU
	EndGlobalSection
	GlobalSection(SolutionProperties) = preSolution
		HideSolutionNode = FALSE
	EndGlobalSection
	GlobalSection(ExtensibilityGlobals) = postSolution
		SolutionGuid = {441319A2-41AD-4F48-8352-8D895AD1C0DB}
	EndGlobalSection
EndGlobal
