
Microsoft Visual Studio Solution File, Format Version 12.00
# Visual Studio Version 16
VisualStudioVersion = 16.0.32413.511
MinimumVisualStudioVersion = 10.0.40219.1
Project("{FAE04EC0-301F-11D3-BF4B-00C04F79EFBC}") = "ExploreFuncAndAction", "ExploreFuncAndAction\ExploreFuncAndAction.csproj", "{63873C71-FE86-4F07-A10E-83E5AE3C7FEC}"
EndProject
Global
	GlobalSection(SolutionConfigurationPlatforms) = preSolution
		Debug|Any CPU = Debug|Any CPU
		Release|Any CPU = Release|Any CPU
	EndGlobalSection
	GlobalSection(ProjectConfigurationPlatforms) = postSolution
		{63873C71-FE86-4F07-A10E-83E5AE3C7FEC}.Debug|Any CPU.ActiveCfg = Debug|Any CPU
		{63873C71-FE86-4F07-A10E-83E5AE3C7FEC}.Debug|Any CPU.Build.0 = Debug|Any CPU
		{63873C71-FE86-4F07-A10E-83E5AE3C7FEC}.Release|Any CPU.ActiveCfg = Release|Any CPU
		{63873C71-FE86-4F07-A10E-83E5AE3C7FEC}.Release|Any CPU.Build.0 = Release|Any CPU
	EndGlobalSection
	GlobalSection(SolutionProperties) = preSolution
		HideSolutionNode = FALSE
	EndGlobalSection
	GlobalSection(ExtensibilityGlobals) = postSolution
		SolutionGuid = {B1B41266-D49A-4B18-A541-AEC7DD0AB50E}
	EndGlobalSection
EndGlobal
