
Microsoft Visual Studio Solution File, Format Version 12.00
# Visual Studio Version 16
VisualStudioVersion = 16.0.30225.117
MinimumVisualStudioVersion = 10.0.40219.1
Project("{FAE04EC0-301F-11D3-BF4B-00C04F79EFBC}") = "GirlsJustWannaHaveLunch", "GirlsJustWannaHaveLunch\GirlsJustWannaHaveLunch.csproj", "{FB34863A-4CED-4216-AAE9-6BC3D369EFC4}"
EndProject
Global
	GlobalSection(SolutionConfigurationPlatforms) = preSolution
		Debug|Any CPU = Debug|Any CPU
		Release|Any CPU = Release|Any CPU
	EndGlobalSection
	GlobalSection(ProjectConfigurationPlatforms) = postSolution
		{FB34863A-4CED-4216-AAE9-6BC3D369EFC4}.Debug|Any CPU.ActiveCfg = Debug|Any CPU
		{FB34863A-4CED-4216-AAE9-6BC3D369EFC4}.Debug|Any CPU.Build.0 = Debug|Any CPU
		{FB34863A-4CED-4216-AAE9-6BC3D369EFC4}.Release|Any CPU.ActiveCfg = Release|Any CPU
		{FB34863A-4CED-4216-AAE9-6BC3D369EFC4}.Release|Any CPU.Build.0 = Release|Any CPU
	EndGlobalSection
	GlobalSection(SolutionProperties) = preSolution
		HideSolutionNode = FALSE
	EndGlobalSection
	GlobalSection(ExtensibilityGlobals) = postSolution
		SolutionGuid = {48B2850A-1559-4C49-A26D-622F03E2DF9A}
	EndGlobalSection
EndGlobal
