
Microsoft Visual Studio Solution File, Format Version 12.00
# Visual Studio Version 17
VisualStudioVersion = 17.3.32901.215
MinimumVisualStudioVersion = 10.0.40219.1
Project("{FAE04EC0-301F-11D3-BF4B-00C04F79EFBC}") = "GameToEarnLegos", "GameToEarnLegos\GameToEarnLegos.csproj", "{C633BCEF-E277-4222-9BE9-3783DCC591AB}"
EndProject
Global
	GlobalSection(SolutionConfigurationPlatforms) = preSolution
		Debug|Any CPU = Debug|Any CPU
		Release|Any CPU = Release|Any CPU
	EndGlobalSection
	GlobalSection(ProjectConfigurationPlatforms) = postSolution
		{C633BCEF-E277-4222-9BE9-3783DCC591AB}.Debug|Any CPU.ActiveCfg = Debug|Any CPU
		{C633BCEF-E277-4222-9BE9-3783DCC591AB}.Debug|Any CPU.Build.0 = Debug|Any CPU
		{C633BCEF-E277-4222-9BE9-3783DCC591AB}.Release|Any CPU.ActiveCfg = Release|Any CPU
		{C633BCEF-E277-4222-9BE9-3783DCC591AB}.Release|Any CPU.Build.0 = Release|Any CPU
	EndGlobalSection
	GlobalSection(SolutionProperties) = preSolution
		HideSolutionNode = FALSE
	EndGlobalSection
	GlobalSection(ExtensibilityGlobals) = postSolution
		SolutionGuid = {621521C6-4738-4D1D-BF12-6C7B7A416A11}
	EndGlobalSection
EndGlobal
