
Microsoft Visual Studio Solution File, Format Version 12.00
# Visual Studio Version 16
VisualStudioVersion = 16.0.30225.117
MinimumVisualStudioVersion = 10.0.40219.1
Project("{FAE04EC0-301F-11D3-BF4B-00C04F79EFBC}") = "AbilityScoreTester", "AbilityScoreTester\AbilityScoreTester.csproj", "{0E5378A8-32BA-42BB-B7E3-D59CFA780EC9}"
EndProject
Global
	GlobalSection(SolutionConfigurationPlatforms) = preSolution
		Debug|Any CPU = Debug|Any CPU
		Release|Any CPU = Release|Any CPU
	EndGlobalSection
	GlobalSection(ProjectConfigurationPlatforms) = postSolution
		{0E5378A8-32BA-42BB-B7E3-D59CFA780EC9}.Debug|Any CPU.ActiveCfg = Debug|Any CPU
		{0E5378A8-32BA-42BB-B7E3-D59CFA780EC9}.Debug|Any CPU.Build.0 = Debug|Any CPU
		{0E5378A8-32BA-42BB-B7E3-D59CFA780EC9}.Release|Any CPU.ActiveCfg = Release|Any CPU
		{0E5378A8-32BA-42BB-B7E3-D59CFA780EC9}.Release|Any CPU.Build.0 = Release|Any CPU
	EndGlobalSection
	GlobalSection(SolutionProperties) = preSolution
		HideSolutionNode = FALSE
	EndGlobalSection
	GlobalSection(ExtensibilityGlobals) = postSolution
		SolutionGuid = {B2386467-43C4-4867-AE0E-01C69DF80813}
	EndGlobalSection
EndGlobal
