
Microsoft Visual Studio Solution File, Format Version 12.00
# Visual Studio Version 16
VisualStudioVersion = 16.0.30225.117
MinimumVisualStudioVersion = 10.0.40219.1
Project("{FAE04EC0-301F-11D3-BF4B-00C04F79EFBC}") = "codingassignmentspart2", "codingassignmentspart2\codingassignmentspart2.csproj", "{0DAB0AF4-74B5-428B-824F-15FC6458CF47}"
EndProject
Project("{FAE04EC0-301F-11D3-BF4B-00C04F79EFBC}") = "CreatingClassas", "CreatingClassas\CreatingClassas.csproj", "{2D87F73D-AF82-43E6-B083-7A65CE9010C5}"
EndProject
Project("{FAE04EC0-301F-11D3-BF4B-00C04F79EFBC}") = "properties", "properties\properties.csproj", "{8173309D-D505-46A1-81C7-6B4D630D3D03}"
EndProject
Project("{FAE04EC0-301F-11D3-BF4B-00C04F79EFBC}") = "Tic-Tac-Toe", "Tic-Tac-Toe\Tic-Tac-Toe.csproj", "{7E83E6C5-B567-4DA5-B147-C0B1B7D84C6F}"
EndProject
Project("{FAE04EC0-301F-11D3-BF4B-00C04F79EFBC}") = "structs", "structs\structs.csproj", "{A7810A3F-65DC-41ED-A19A-F866BE79A7E4}"
EndProject
Global
	GlobalSection(SolutionConfigurationPlatforms) = preSolution
		Debug|Any CPU = Debug|Any CPU
		Release|Any CPU = Release|Any CPU
	EndGlobalSection
	GlobalSection(ProjectConfigurationPlatforms) = postSolution
		{0DAB0AF4-74B5-428B-824F-15FC6458CF47}.Debug|Any CPU.ActiveCfg = Debug|Any CPU
		{0DAB0AF4-74B5-428B-824F-15FC6458CF47}.Debug|Any CPU.Build.0 = Debug|Any CPU
		{0DAB0AF4-74B5-428B-824F-15FC6458CF47}.Release|Any CPU.ActiveCfg = Release|Any CPU
		{0DAB0AF4-74B5-428B-824F-15FC6458CF47}.Release|Any CPU.Build.0 = Release|Any CPU
		{2D87F73D-AF82-43E6-B083-7A65CE9010C5}.Debug|Any CPU.ActiveCfg = Debug|Any CPU
		{2D87F73D-AF82-43E6-B083-7A65CE9010C5}.Debug|Any CPU.Build.0 = Debug|Any CPU
		{2D87F73D-AF82-43E6-B083-7A65CE9010C5}.Release|Any CPU.ActiveCfg = Release|Any CPU
		{2D87F73D-AF82-43E6-B083-7A65CE9010C5}.Release|Any CPU.Build.0 = Release|Any CPU
		{8173309D-D505-46A1-81C7-6B4D630D3D03}.Debug|Any CPU.ActiveCfg = Debug|Any CPU
		{8173309D-D505-46A1-81C7-6B4D630D3D03}.Debug|Any CPU.Build.0 = Debug|Any CPU
		{8173309D-D505-46A1-81C7-6B4D630D3D03}.Release|Any CPU.ActiveCfg = Release|Any CPU
		{8173309D-D505-46A1-81C7-6B4D630D3D03}.Release|Any CPU.Build.0 = Release|Any CPU
		{7E83E6C5-B567-4DA5-B147-C0B1B7D84C6F}.Debug|Any CPU.ActiveCfg = Debug|Any CPU
		{7E83E6C5-B567-4DA5-B147-C0B1B7D84C6F}.Debug|Any CPU.Build.0 = Debug|Any CPU
		{7E83E6C5-B567-4DA5-B147-C0B1B7D84C6F}.Release|Any CPU.ActiveCfg = Release|Any CPU
		{7E83E6C5-B567-4DA5-B147-C0B1B7D84C6F}.Release|Any CPU.Build.0 = Release|Any CPU
		{A7810A3F-65DC-41ED-A19A-F866BE79A7E4}.Debug|Any CPU.ActiveCfg = Debug|Any CPU
		{A7810A3F-65DC-41ED-A19A-F866BE79A7E4}.Debug|Any CPU.Build.0 = Debug|Any CPU
		{A7810A3F-65DC-41ED-A19A-F866BE79A7E4}.Release|Any CPU.ActiveCfg = Release|Any CPU
		{A7810A3F-65DC-41ED-A19A-F866BE79A7E4}.Release|Any CPU.Build.0 = Release|Any CPU
	EndGlobalSection
	GlobalSection(SolutionProperties) = preSolution
		HideSolutionNode = FALSE
	EndGlobalSection
	GlobalSection(ExtensibilityGlobals) = postSolution
		SolutionGuid = {4A263CF8-1414-4B3D-8E02-D0B0DACDD713}
	EndGlobalSection
EndGlobal
