
Microsoft Visual Studio Solution File, Format Version 12.00
# Visual Studio Version 16
VisualStudioVersion = 16.0.32413.511
MinimumVisualStudioVersion = 10.0.40219.1
Project("{FAE04EC0-301F-11D3-BF4B-00C04F79EFBC}") = "JimmyLinq", "JimmyLinq\JimmyLinq.csproj", "{BE08A89C-158D-498F-AD12-B58032010E20}"
EndProject
Global
	GlobalSection(SolutionConfigurationPlatforms) = preSolution
		Debug|Any CPU = Debug|Any CPU
		Release|Any CPU = Release|Any CPU
	EndGlobalSection
	GlobalSection(ProjectConfigurationPlatforms) = postSolution
		{BE08A89C-158D-498F-AD12-B58032010E20}.Debug|Any CPU.ActiveCfg = Debug|Any CPU
		{BE08A89C-158D-498F-AD12-B58032010E20}.Debug|Any CPU.Build.0 = Debug|Any CPU
		{BE08A89C-158D-498F-AD12-B58032010E20}.Release|Any CPU.ActiveCfg = Release|Any CPU
		{BE08A89C-158D-498F-AD12-B58032010E20}.Release|Any CPU.Build.0 = Release|Any CPU
	EndGlobalSection
	GlobalSection(SolutionProperties) = preSolution
		HideSolutionNode = FALSE
	EndGlobalSection
	GlobalSection(ExtensibilityGlobals) = postSolution
		SolutionGuid = {DCB554FA-BBB2-4F60-9CCF-F061E63EEB50}
	EndGlobalSection
EndGlobal
