
Microsoft Visual Studio Solution File, Format Version 12.00
# Visual Studio Version 16
VisualStudioVersion = 16.0.30225.117
MinimumVisualStudioVersion = 10.0.40219.1
Project("{FAE04EC0-301F-11D3-BF4B-00C04F79EFBC}") = "perrysbeginningwork", "perrysbeginningwork\perrysbeginningwork.csproj", "{B6242122-E202-4C53-9299-90C2CC6881AD}"
EndProject
Project("{FAE04EC0-301F-11D3-BF4B-00C04F79EFBC}") = "UserInputByPerryGreenwood", "UserInputByPerryGreenwood\UserInputByPerryGreenwood.csproj", "{2F77C588-7357-4BA5-853F-741A265ED07A}"
EndProject
Global
	GlobalSection(SolutionConfigurationPlatforms) = preSolution
		Debug|Any CPU = Debug|Any CPU
		Release|Any CPU = Release|Any CPU
	EndGlobalSection
	GlobalSection(ProjectConfigurationPlatforms) = postSolution
		{B6242122-E202-4C53-9299-90C2CC6881AD}.Debug|Any CPU.ActiveCfg = Debug|Any CPU
		{B6242122-E202-4C53-9299-90C2CC6881AD}.Debug|Any CPU.Build.0 = Debug|Any CPU
		{B6242122-E202-4C53-9299-90C2CC6881AD}.Release|Any CPU.ActiveCfg = Release|Any CPU
		{B6242122-E202-4C53-9299-90C2CC6881AD}.Release|Any CPU.Build.0 = Release|Any CPU
		{2F77C588-7357-4BA5-853F-741A265ED07A}.Debug|Any CPU.ActiveCfg = Debug|Any CPU
		{2F77C588-7357-4BA5-853F-741A265ED07A}.Debug|Any CPU.Build.0 = Debug|Any CPU
		{2F77C588-7357-4BA5-853F-741A265ED07A}.Release|Any CPU.ActiveCfg = Release|Any CPU
		{2F77C588-7357-4BA5-853F-741A265ED07A}.Release|Any CPU.Build.0 = Release|Any CPU
	EndGlobalSection
	GlobalSection(SolutionProperties) = preSolution
		HideSolutionNode = FALSE
	EndGlobalSection
	GlobalSection(ExtensibilityGlobals) = postSolution
		SolutionGuid = {19CBC982-7979-4278-A41E-C952BA9278BA}
	EndGlobalSection
EndGlobal
