
Microsoft Visual Studio Solution File, Format Version 12.00
# Visual Studio Version 16
VisualStudioVersion = 16.0.30225.117
MinimumVisualStudioVersion = 10.0.40219.1
Project("{FAE04EC0-301F-11D3-BF4B-00C04F79EFBC}") = "MadLifeFromFiles", "MadLifeFromFiles\MadLifeFromFiles.csproj", "{DEC48F20-870E-4FB6-A745-779F6A7610D3}"
EndProject
Global
	GlobalSection(SolutionConfigurationPlatforms) = preSolution
		Debug|Any CPU = Debug|Any CPU
		Release|Any CPU = Release|Any CPU
	EndGlobalSection
	GlobalSection(ProjectConfigurationPlatforms) = postSolution
		{DEC48F20-870E-4FB6-A745-779F6A7610D3}.Debug|Any CPU.ActiveCfg = Debug|Any CPU
		{DEC48F20-870E-4FB6-A745-779F6A7610D3}.Debug|Any CPU.Build.0 = Debug|Any CPU
		{DEC48F20-870E-4FB6-A745-779F6A7610D3}.Release|Any CPU.ActiveCfg = Release|Any CPU
		{DEC48F20-870E-4FB6-A745-779F6A7610D3}.Release|Any CPU.Build.0 = Release|Any CPU
	EndGlobalSection
	GlobalSection(SolutionProperties) = preSolution
		HideSolutionNode = FALSE
	EndGlobalSection
	GlobalSection(ExtensibilityGlobals) = postSolution
		SolutionGuid = {BF2BE974-7BA5-45DE-8463-F5FF032F1221}
	EndGlobalSection
EndGlobal
