
Microsoft Visual Studio Solution File, Format Version 12.00
# Visual Studio Version 16
VisualStudioVersion = 16.0.30225.117
MinimumVisualStudioVersion = 10.0.40219.1
Project("{FAE04EC0-301F-11D3-BF4B-00C04F79EFBC}") = "playersguideassinment1", "playersguideassinment1\playersguideassinment1.csproj", "{A810CE1D-F7A1-4912-86D2-B5882406194D}"
EndProject
Project("{FAE04EC0-301F-11D3-BF4B-00C04F79EFBC}") = "variable test stuff", "variable test stuff\variable test stuff.csproj", "{644CD2E0-59F4-46ED-B933-819E4A5B7680}"
EndProject
Project("{FAE04EC0-301F-11D3-BF4B-00C04F79EFBC}") = "basicmath", "basicmath\basicmath.csproj", "{A575808D-0B78-4849-9C11-C3FFE731ACD4}"
EndProject
Project("{FAE04EC0-301F-11D3-BF4B-00C04F79EFBC}") = "userinput", "userinput\userinput.csproj", "{798B975F-1ED6-4397-824D-E0CE45CFAA8E}"
EndProject
Project("{FAE04EC0-301F-11D3-BF4B-00C04F79EFBC}") = "MoreMath", "MoreMath\MoreMath.csproj", "{4B38164D-6B9C-42E2-B3D2-C7011536DB93}"
EndProject
Project("{FAE04EC0-301F-11D3-BF4B-00C04F79EFBC}") = "DecisionMaking", "DecisionMaking\DecisionMaking.csproj", "{2997D668-27DC-4BAE-AA51-B2ECB08D93A8}"
EndProject
Project("{FAE04EC0-301F-11D3-BF4B-00C04F79EFBC}") = "switchstatements", "switchstatements\switchstatements.csproj", "{DA57FFBE-444C-438D-BD78-37AB4854F00D}"
EndProject
Project("{FAE04EC0-301F-11D3-BF4B-00C04F79EFBC}") = "Looping", "Looping\Looping.csproj", "{EEA8B553-27CA-4638-83FE-A59DAFFA8AC1}"
EndProject
Project("{FAE04EC0-301F-11D3-BF4B-00C04F79EFBC}") = "Enumerations", "Enumerations\Enumerations.csproj", "{9F42FCAE-AE8F-473D-8D11-ED00B90BF480}"
EndProject
Global
	GlobalSection(SolutionConfigurationPlatforms) = preSolution
		Debug|Any CPU = Debug|Any CPU
		Release|Any CPU = Release|Any CPU
	EndGlobalSection
	GlobalSection(ProjectConfigurationPlatforms) = postSolution
		{A810CE1D-F7A1-4912-86D2-B5882406194D}.Debug|Any CPU.ActiveCfg = Debug|Any CPU
		{A810CE1D-F7A1-4912-86D2-B5882406194D}.Debug|Any CPU.Build.0 = Debug|Any CPU
		{A810CE1D-F7A1-4912-86D2-B5882406194D}.Release|Any CPU.ActiveCfg = Release|Any CPU
		{A810CE1D-F7A1-4912-86D2-B5882406194D}.Release|Any CPU.Build.0 = Release|Any CPU
		{644CD2E0-59F4-46ED-B933-819E4A5B7680}.Debug|Any CPU.ActiveCfg = Debug|Any CPU
		{644CD2E0-59F4-46ED-B933-819E4A5B7680}.Debug|Any CPU.Build.0 = Debug|Any CPU
		{644CD2E0-59F4-46ED-B933-819E4A5B7680}.Release|Any CPU.ActiveCfg = Release|Any CPU
		{644CD2E0-59F4-46ED-B933-819E4A5B7680}.Release|Any CPU.Build.0 = Release|Any CPU
		{A575808D-0B78-4849-9C11-C3FFE731ACD4}.Debug|Any CPU.ActiveCfg = Debug|Any CPU
		{A575808D-0B78-4849-9C11-C3FFE731ACD4}.Debug|Any CPU.Build.0 = Debug|Any CPU
		{A575808D-0B78-4849-9C11-C3FFE731ACD4}.Release|Any CPU.ActiveCfg = Release|Any CPU
		{A575808D-0B78-4849-9C11-C3FFE731ACD4}.Release|Any CPU.Build.0 = Release|Any CPU
		{798B975F-1ED6-4397-824D-E0CE45CFAA8E}.Debug|Any CPU.ActiveCfg = Debug|Any CPU
		{798B975F-1ED6-4397-824D-E0CE45CFAA8E}.Debug|Any CPU.Build.0 = Debug|Any CPU
		{798B975F-1ED6-4397-824D-E0CE45CFAA8E}.Release|Any CPU.ActiveCfg = Release|Any CPU
		{798B975F-1ED6-4397-824D-E0CE45CFAA8E}.Release|Any CPU.Build.0 = Release|Any CPU
		{4B38164D-6B9C-42E2-B3D2-C7011536DB93}.Debug|Any CPU.ActiveCfg = Debug|Any CPU
		{4B38164D-6B9C-42E2-B3D2-C7011536DB93}.Debug|Any CPU.Build.0 = Debug|Any CPU
		{4B38164D-6B9C-42E2-B3D2-C7011536DB93}.Release|Any CPU.ActiveCfg = Release|Any CPU
		{4B38164D-6B9C-42E2-B3D2-C7011536DB93}.Release|Any CPU.Build.0 = Release|Any CPU
		{2997D668-27DC-4BAE-AA51-B2ECB08D93A8}.Debug|Any CPU.ActiveCfg = Debug|Any CPU
		{2997D668-27DC-4BAE-AA51-B2ECB08D93A8}.Debug|Any CPU.Build.0 = Debug|Any CPU
		{2997D668-27DC-4BAE-AA51-B2ECB08D93A8}.Release|Any CPU.ActiveCfg = Release|Any CPU
		{2997D668-27DC-4BAE-AA51-B2ECB08D93A8}.Release|Any CPU.Build.0 = Release|Any CPU
		{DA57FFBE-444C-438D-BD78-37AB4854F00D}.Debug|Any CPU.ActiveCfg = Debug|Any CPU
		{DA57FFBE-444C-438D-BD78-37AB4854F00D}.Debug|Any CPU.Build.0 = Debug|Any CPU
		{DA57FFBE-444C-438D-BD78-37AB4854F00D}.Release|Any CPU.ActiveCfg = Release|Any CPU
		{DA57FFBE-444C-438D-BD78-37AB4854F00D}.Release|Any CPU.Build.0 = Release|Any CPU
		{EEA8B553-27CA-4638-83FE-A59DAFFA8AC1}.Debug|Any CPU.ActiveCfg = Debug|Any CPU
		{EEA8B553-27CA-4638-83FE-A59DAFFA8AC1}.Debug|Any CPU.Build.0 = Debug|Any CPU
		{EEA8B553-27CA-4638-83FE-A59DAFFA8AC1}.Release|Any CPU.ActiveCfg = Release|Any CPU
		{EEA8B553-27CA-4638-83FE-A59DAFFA8AC1}.Release|Any CPU.Build.0 = Release|Any CPU
		{9F42FCAE-AE8F-473D-8D11-ED00B90BF480}.Debug|Any CPU.ActiveCfg = Debug|Any CPU
		{9F42FCAE-AE8F-473D-8D11-ED00B90BF480}.Debug|Any CPU.Build.0 = Debug|Any CPU
		{9F42FCAE-AE8F-473D-8D11-ED00B90BF480}.Release|Any CPU.ActiveCfg = Release|Any CPU
		{9F42FCAE-AE8F-473D-8D11-ED00B90BF480}.Release|Any CPU.Build.0 = Release|Any CPU
	EndGlobalSection
	GlobalSection(SolutionProperties) = preSolution
		HideSolutionNode = FALSE
	EndGlobalSection
	GlobalSection(ExtensibilityGlobals) = postSolution
		SolutionGuid = {A0D441CC-0D6D-488E-ADC6-0D9CB3587257}
	EndGlobalSection
EndGlobal
