
Microsoft Visual Studio Solution File, Format Version 12.00
# Visual Studio Version 16
VisualStudioVersion = 16.0.30225.117
MinimumVisualStudioVersion = 10.0.40219.1
Project("{FAE04EC0-301F-11D3-BF4B-00C04F79EFBC}") = "MathFromPerry", "MathFromPerry\MathFromPerry.csproj", "{C11C9B9E-3AE9-47FE-88F5-62C2576469D2}"
EndProject
Global
	GlobalSection(SolutionConfigurationPlatforms) = preSolution
		Debug|Any CPU = Debug|Any CPU
		Release|Any CPU = Release|Any CPU
	EndGlobalSection
	GlobalSection(ProjectConfigurationPlatforms) = postSolution
		{C11C9B9E-3AE9-47FE-88F5-62C2576469D2}.Debug|Any CPU.ActiveCfg = Debug|Any CPU
		{C11C9B9E-3AE9-47FE-88F5-62C2576469D2}.Debug|Any CPU.Build.0 = Debug|Any CPU
		{C11C9B9E-3AE9-47FE-88F5-62C2576469D2}.Release|Any CPU.ActiveCfg = Release|Any CPU
		{C11C9B9E-3AE9-47FE-88F5-62C2576469D2}.Release|Any CPU.Build.0 = Release|Any CPU
	EndGlobalSection
	GlobalSection(SolutionProperties) = preSolution
		HideSolutionNode = FALSE
	EndGlobalSection
	GlobalSection(ExtensibilityGlobals) = postSolution
		SolutionGuid = {D1C8BA25-652A-4084-B775-6F8C4EE87CE7}
	EndGlobalSection
EndGlobal
