
Microsoft Visual Studio Solution File, Format Version 12.00
# Visual Studio Version 16
VisualStudioVersion = 16.0.30225.117
MinimumVisualStudioVersion = 10.0.40219.1
Project("{FAE04EC0-301F-11D3-BF4B-00C04F79EFBC}") = "PickACardWPF", "PickACardWPF\PickACardWPF.csproj", "{08A0F489-03A9-4BEB-81A4-07A5918FCE93}"
EndProject
Global
	GlobalSection(SolutionConfigurationPlatforms) = preSolution
		Debug|Any CPU = Debug|Any CPU
		Release|Any CPU = Release|Any CPU
	EndGlobalSection
	GlobalSection(ProjectConfigurationPlatforms) = postSolution
		{08A0F489-03A9-4BEB-81A4-07A5918FCE93}.Debug|Any CPU.ActiveCfg = Debug|Any CPU
		{08A0F489-03A9-4BEB-81A4-07A5918FCE93}.Debug|Any CPU.Build.0 = Debug|Any CPU
		{08A0F489-03A9-4BEB-81A4-07A5918FCE93}.Release|Any CPU.ActiveCfg = Release|Any CPU
		{08A0F489-03A9-4BEB-81A4-07A5918FCE93}.Release|Any CPU.Build.0 = Release|Any CPU
	EndGlobalSection
	GlobalSection(SolutionProperties) = preSolution
		HideSolutionNode = FALSE
	EndGlobalSection
	GlobalSection(ExtensibilityGlobals) = postSolution
		SolutionGuid = {6E09CB20-7A1A-482D-84E1-682455AAD344}
	EndGlobalSection
EndGlobal
